{
  "name": "node-eventsource",
  "version": "0.0.2",
  "lockfileVersion": 2,
  "requires": true,
  "packages": {
    "": {
      "name": "node-eventsource",
      "version": "0.0.2",
      "license": "MIT",
      "dependencies": {
        "backoff": "^2.5.0",
        "undici": "^7.24.3"
      },
      "devDependencies": {
        "prettier": "^3.8.1"
      }
    },
    "node_modules/backoff": {
      "version": "2.5.0",
      "resolved": "https://registry.npmjs.org/backoff/-/backoff-2.5.0.tgz",
      "integrity": "sha1-9hbtqdPktmuMp/ynn2lXIsX44m8=",
      "dependencies": {
        "precond": "0.2"
      },
      "engines": {
        "node": ">= 0.6"
      }
    },
    "node_modules/precond": {
      "version": "0.2.3",
      "resolved": "https://registry.npmjs.org/precond/-/precond-0.2.3.tgz",
      "integrity": "sha1-qpWRvKokkj8eD0hJ0kD0fvwQdaw=",
      "engines": {
        "node": ">= 0.6"
      }
    },
    "node_modules/prettier": {
      "version": "3.8.1",
      "resolved": "https://registry.npmjs.org/prettier/-/prettier-3.8.1.tgz",
      "integrity": "sha512-UOnG6LftzbdaHZcKoPFtOcCKztrQ57WkHDeRD9t/PTQtmT0NHSeWWepj6pS0z/N7+08BHFDQVUrfmfMRcZwbMg==",
      "dev": true,
      "license": "MIT",
      "bin": {
        "prettier": "bin/prettier.cjs"
      },
      "engines": {
        "node": ">=14"
      },
      "funding": {
        "url": "https://github.com/prettier/prettier?sponsor=1"
      }
    },
    "node_modules/undici": {
      "version": "7.24.3",
      "resolved": "https://registry.npmjs.org/undici/-/undici-7.24.3.tgz",
      "integrity": "sha512-eJdUmK/Wrx2d+mnWWmwwLRyA7OQCkLap60sk3dOK4ViZR7DKwwptwuIvFBg2HaiP9ESaEdhtpSymQPvytpmkCA==",
      "license": "MIT",
      "engines": {
        "node": ">=20.18.1"
      }
    }
  },
  "dependencies": {
    "backoff": {
      "version": "2.5.0",
      "resolved": "https://registry.npmjs.org/backoff/-/backoff-2.5.0.tgz",
      "integrity": "sha1-9hbtqdPktmuMp/ynn2lXIsX44m8=",
      "requires": {
        "precond": "0.2"
      }
    },
    "precond": {
      "version": "0.2.3",
      "resolved": "https://registry.npmjs.org/precond/-/precond-0.2.3.tgz",
      "integrity": "sha1-qpWRvKokkj8eD0hJ0kD0fvwQdaw="
    },
    "prettier": {
      "version": "3.8.1",
      "resolved": "https://registry.npmjs.org/prettier/-/prettier-3.8.1.tgz",
      "integrity": "sha512-UOnG6LftzbdaHZcKoPFtOcCKztrQ57WkHDeRD9t/PTQtmT0NHSeWWepj6pS0z/N7+08BHFDQVUrfmfMRcZwbMg==",
      "dev": true
    },
    "undici": {
      "version": "7.24.3",
      "resolved": "https://registry.npmjs.org/undici/-/undici-7.24.3.tgz",
      "integrity": "sha512-eJdUmK/Wrx2d+mnWWmwwLRyA7OQCkLap60sk3dOK4ViZR7DKwwptwuIvFBg2HaiP9ESaEdhtpSymQPvytpmkCA=="
    }
  }
}
